
Microsoft Visual Studio Solution File, Format Version 12.00
# Visual Studio 15
VisualStudioVersion = 15.0.27130.2027
MinimumVisualStudioVersion = 10.0.40219.1
Project("{FAE04EC0-301F-11D3-BF4B-00C04F79EFBC}") = "PokeEggRNGAndroid", "PokeEggRNGAndroid\PokeEggRNGAndroid.csproj", "{A079847F-B78D-4E51-A74C-CFCA90CA9290}"
EndProject
Global
	GlobalSection(SolutionConfigurationPlatforms) = preSolution
		Debug|Any CPU = Debug|Any CPU
		Release|Any CPU = Release|Any CPU
	EndGlobalSection
	GlobalSection(ProjectConfigurationPlatforms) = postSolution
		{A079847F-B78D-4E51-A74C-CFCA90CA9290}.Debug|Any CPU.ActiveCfg = Debug|Any CPU
		{A079847F-B78D-4E51-A74C-CFCA90CA9290}.Debug|Any CPU.Build.0 = Debug|Any CPU
		{A079847F-B78D-4E51-A74C-CFCA90CA9290}.Debug|Any CPU.Deploy.0 = Debug|Any CPU
		{A079847F-B78D-4E51-A74C-CFCA90CA9290}.Release|Any CPU.ActiveCfg = Release|Any CPU
		{A079847F-B78D-4E51-A74C-CFCA90CA9290}.Release|Any CPU.Build.0 = Release|Any CPU
		{A079847F-B78D-4E51-A74C-CFCA90CA9290}.Release|Any CPU.Deploy.0 = Release|Any CPU
	EndGlobalSection
	GlobalSection(SolutionProperties) = preSolution
		HideSolutionNode = FALSE
	EndGlobalSection
	GlobalSection(ExtensibilityGlobals) = postSolution
		SolutionGuid = {367875D4-40BD-438A-AFC7-667C98D5B9E3}
	EndGlobalSection
EndGlobal
